// !$*UTF8*$!
{
	archiveVersion = 1;
	classes = {
	};
	objectVersion = 46;
	objects = {

/* Begin PBXBuildFile section */
		1863A6CC1B2AC9DB00BED268 /* main.m in Sources */ = {isa = PBXBuildFile; fileRef = 1863A6CB1B2AC9DB00BED268 /* main.m */; };
		1863A6CF1B2AC9DB00BED268 /* AppDelegate.m in Sources */ = {isa = PBXBuildFile; fileRef = 1863A6CE1B2AC9DB00BED268 /* AppDelegate.m */; };
		1863A6D21B2AC9DB00BED268 /* ViewController.m in Sources */ = {isa = PBXBuildFile; fileRef = 1863A6D11B2AC9DB00BED268 /* ViewController.m */; };
		1863A6D51B2AC9DB00BED268 /* Main.storyboard in Resources */ = {isa = PBXBuildFile; fileRef = 1863A6D31B2AC9DB00BED268 /* Main.storyboard */; };
		1863A6D71B2AC9DB00BED268 /* Images.xcassets in Resources */ = {isa = PBXBuildFile; fileRef = 1863A6D61B2AC9DB00BED268 /* Images.xcassets */; };
		1863A6DA1B2AC9DB00BED268 /* LaunchScreen.xib in Resources */ = {isa = PBXBuildFile; fileRef = 1863A6D81B2AC9DB00BED268 /* LaunchScreen.xib */; };
		1863A6E61B2AC9DB00BED268 /* __demoTests.m in Sources */ = {isa = PBXBuildFile; fileRef = 1863A6E51B2AC9DB00BED268 /* __demoTests.m */; };
/* End PBXBuildFile section */

/* Begin PBXContainerItemProxy section */
		1863A6E01B2AC9DB00BED268 /* PBXContainerItemProxy */ = {
			isa = PBXContainerItemProxy;
			containerPortal = 1863A6BE1B2AC9DB00BED268 /* Project object */;
			proxyType = 1;
			remoteGlobalIDString = 1863A6C51B2AC9DB00BED268;
			remoteInfo = "动画demo";
		};
/* End PBXContainerItemProxy section */

/* Begin PBXFileReference section */
		1863A6C61B2AC9DB00BED268 /* 动画demo.app */ = {isa = PBXFileReference; explicitFileType = wrapper.application; includeInIndex = 0; path = "动画demo.app"; sourceTree = BUILT_PRODUCTS_DIR; };
		1863A6CA1B2AC9DB00BED268 /* Info.plist */ = {isa = PBXFileReference; lastKnownFileType = text.plist.xml; path = Info.plist; sourceTree = "<group>"; };
		1863A6CB1B2AC9DB00BED268 /* main.m */ = {isa = PBXFileReference; lastKnownFileType = sourcecode.c.objc; path = main.m; sourceTree = "<group>"; };
		1863A6CD1B2AC9DB00BED268 /* AppDelegate.h */ = {isa = PBXFileReference; lastKnownFileType = sourcecode.c.h; path = AppDelegate.h; sourceTree = "<group>"; };
		1863A6CE1B2AC9DB00BED268 /* AppDelegate.m */ = {isa = PBXFileReference; lastKnownFileType = sourcecode.c.objc; path = AppDelegate.m; sourceTree = "<group>"; };
		1863A6D01B2AC9DB00BED268 /* ViewController.h */ = {isa = PBXFileReference; lastKnownFileType = sourcecode.c.h; path = ViewController.h; sourceTree = "<group>"; };
		1863A6D11B2AC9DB00BED268 /* ViewController.m */ = {isa = PBXFileReference; lastKnownFileType = sourcecode.c.objc; path = ViewController.m; sourceTree = "<group>"; };
		1863A6D41B2AC9DB00BED268 /* Base */ = {isa = PBXFileReference; lastKnownFileType = file.storyboard; name = Base; path = Base.lproj/Main.storyboard; sourceTree = "<group>"; };
		1863A6D61B2AC9DB00BED268 /* Images.xcassets */ = {isa = PBXFileReference; lastKnownFileType = folder.assetcatalog; path = Images.xcassets; sourceTree = "<group>"; };
		1863A6D91B2AC9DB00BED268 /* Base */ = {isa = PBXFileReference; lastKnownFileType = file.xib; name = Base; path = Base.lproj/LaunchScreen.xib; sourceTree = "<group>"; };
		1863A6DF1B2AC9DB00BED268 /* 动画demoTests.xctest */ = {isa = PBXFileReference; explicitFileType = wrapper.cfbundle; includeInIndex = 0; path = "动画demoTests.xctest"; sourceTree = BUILT_PRODUCTS_DIR; };
		1863A6E41B2AC9DB00BED268 /* Info.plist */ = {isa = PBXFileReference; lastKnownFileType = text.plist.xml; path = Info.plist; sourceTree = "<group>"; };
		1863A6E51B2AC9DB00BED268 /* __demoTests.m */ = {isa = PBXFileReference; lastKnownFileType = sourcecode.c.objc; path = __demoTests.m; sourceTree = "<group>"; };
/* End PBXFileReference section */

/* Begin PBXFrameworksBuildPhase section */
		1863A6C31B2AC9DB00BED268 /* Frameworks */ = {
			isa = PBXFrameworksBuildPhase;
			buildActionMask = 2147483647;
			files = (
			);
			runOnlyForDeploymentPostprocessing = 0;
		};
		1863A6DC1B2AC9DB00BED268 /* Frameworks */ = {
			isa = PBXFrameworksBuildPhase;
			buildActionMask = 2147483647;
			files = (
			);
			runOnlyForDeploymentPostprocessing = 0;
		};
/* End PBXFrameworksBuildPhase section */

/* Begin PBXGroup section */
		1863A6BD1B2AC9DB00BED268 = {
			isa = PBXGroup;
			children = (
				1863A6C81B2AC9DB00BED268 /* 动画demo */,
				1863A6E21B2AC9DB00BED268 /* 动画demoTests */,
				1863A6C71B2AC9DB00BED268 /* Products */,
			);
			sourceTree = "<group>";
		};
		1863A6C71B2AC9DB00BED268 /* Products */ = {
			isa = PBXGroup;
			children = (
				1863A6C61B2AC9DB00BED268 /* 动画demo.app */,
				1863A6DF1B2AC9DB00BED268 /* 动画demoTests.xctest */,
			);
			name = Products;
			sourceTree = "<group>";
		};
		1863A6C81B2AC9DB00BED268 /* 动画demo */ = {
			isa = PBXGroup;
			children = (
				1863A6CD1B2AC9DB00BED268 /* AppDelegate.h */,
				1863A6CE1B2AC9DB00BED268 /* AppDelegate.m */,
				1863A6D01B2AC9DB00BED268 /* ViewController.h */,
				1863A6D11B2AC9DB00BED268 /* ViewController.m */,
				1863A6D31B2AC9DB00BED268 /* Main.storyboard */,
				1863A6D61B2AC9DB00BED268 /* Images.xcassets */,
				1863A6D81B2AC9DB00BED268 /* LaunchScreen.xib */,
				1863A6C91B2AC9DB00BED268 /* Supporting Files */,
			);
			path = "动画demo";
			sourceTree = "<group>";
		};
		1863A6C91B2AC9DB00BED268 /* Supporting Files */ = {
			isa = PBXGroup;
			children = (
				1863A6CA1B2AC9DB00BED268 /* Info.plist */,
				1863A6CB1B2AC9DB00BED268 /* main.m */,
			);
			name = "Supporting Files";
			sourceTree = "<group>";
		};
		1863A6E21B2AC9DB00BED268 /* 动画demoTests */ = {
			isa = PBXGroup;
			children = (
				1863A6E51B2AC9DB00BED268 /* __demoTests.m */,
				1863A6E31B2AC9DB00BED268 /* Supporting Files */,
			);
			path = "动画demoTests";
			sourceTree = "<group>";
		};
		1863A6E31B2AC9DB00BED268 /* Supporting Files */ = {
			isa = PBXGroup;
			children = (
				1863A6E41B2AC9DB00BED268 /* Info.plist */,
			);
			name = "Supporting Files";
			sourceTree = "<group>";
		};
/* End PBXGroup section */

/* Begin PBXNativeTarget section */
		1863A6C51B2AC9DB00BED268 /* 动画demo */ = {
			isa = PBXNativeTarget;
			buildConfigurationList = 1863A6E91B2AC9DB00BED268 /* Build configuration list for PBXNativeTarget "动画demo" */;
			buildPhases = (
				1863A6C21B2AC9DB00BED268 /* Sources */,
				1863A6C31B2AC9DB00BED268 /* Frameworks */,
				1863A6C41B2AC9DB00BED268 /* Resources */,
			);
			buildRules = (
			);
			dependencies = (
			);
			name = "动画demo";
			productName = "动画demo";
			productReference = 1863A6C61B2AC9DB00BED268 /* 动画demo.app */;
			productType = "com.apple.product-type.application";
		};
		1863A6DE1B2AC9DB00BED268 /* 动画demoTests */ = {
			isa = PBXNativeTarget;
			buildConfigurationList = 1863A6EC1B2AC9DB00BED268 /* Build configuration list for PBXNativeTarget "动画demoTests" */;
			buildPhases = (
				1863A6DB1B2AC9DB00BED268 /* Sources */,
				1863A6DC1B2AC9DB00BED268 /* Frameworks */,
				1863A6DD1B2AC9DB00BED268 /* Resources */,
			);
			buildRules = (
			);
			dependencies = (
				1863A6E11B2AC9DB00BED268 /* PBXTargetDependency */,
			);
			name = "动画demoTests";
			productName = "动画demoTests";
			productReference = 1863A6DF1B2AC9DB00BED268 /* 动画demoTests.xctest */;
			productType = "com.apple.product-type.bundle.unit-test";
		};
/* End PBXNativeTarget section */

/* Begin PBXProject section */
		1863A6BE1B2AC9DB00BED268 /* Project object */ = {
			isa = PBXProject;
			attributes = {
				LastUpgradeCheck = 0630;
				ORGANIZATIONNAME = apple;
				TargetAttributes = {
					1863A6C51B2AC9DB00BED268 = {
						CreatedOnToolsVersion = 6.3.2;
					};
					1863A6DE1B2AC9DB00BED268 = {
						CreatedOnToolsVersion = 6.3.2;
						DevelopmentTeam = 2M8PN4XEM5;
						TestTargetID = 1863A6C51B2AC9DB00BED268;
					};
				};
			};
			buildConfigurationList = 1863A6C11B2AC9DB00BED268 /* Build configuration list for PBXProject "动画demo" */;
			compatibilityVersion = "Xcode 3.2";
			developmentRegion = English;
			hasScannedForEncodings = 0;
			knownRegions = (
				en,
				Base,
			);
			mainGroup = 1863A6BD1B2AC9DB00BED268;
			productRefGroup = 1863A6C71B2AC9DB00BED268 /* Products */;
			projectDirPath = "";
			projectRoot = "";
			targets = (
				1863A6C51B2AC9DB00BED268 /* 动画demo */,
				1863A6DE1B2AC9DB00BED268 /* 动画demoTests */,
			);
		};
/* End PBXProject section */

/* Begin PBXResourcesBuildPhase section */
		1863A6C41B2AC9DB00BED268 /* Resources */ = {
			isa = PBXResourcesBuildPhase;
			buildActionMask = 2147483647;
			files = (
				1863A6D51B2AC9DB00BED268 /* Main.storyboard in Resources */,
				1863A6DA1B2AC9DB00BED268 /* LaunchScreen.xib in Resources */,
				1863A6D71B2AC9DB00BED268 /* Images.xcassets in Resources */,
			);
			runOnlyForDeploymentPostprocessing = 0;
		};
		1863A6DD1B2AC9DB00BED268 /* Resources */ = {
			isa = PBXResourcesBuildPhase;
			buildActionMask = 2147483647;
			files = (
			);
			runOnlyForDeploymentPostprocessing = 0;
		};
/* End PBXResourcesBuildPhase section */

/* Begin PBXSourcesBuildPhase section */
		1863A6C21B2AC9DB00BED268 /* Sources */ = {
			isa = PBXSourcesBuildPhase;
			buildActionMask = 2147483647;
			files = (
				1863A6D21B2AC9DB00BED268 /* ViewController.m in Sources */,
				1863A6CF1B2AC9DB00BED268 /* AppDelegate.m in Sources */,
				1863A6CC1B2AC9DB00BED268 /* main.m in Sources */,
			);
			runOnlyForDeploymentPostprocessing = 0;
		};
		1863A6DB1B2AC9DB00BED268 /* Sources */ = {
			isa = PBXSourcesBuildPhase;
			buildActionMask = 2147483647;
			files = (
				1863A6E61B2AC9DB00BED268 /* __demoTests.m in Sources */,
			);
			runOnlyForDeploymentPostprocessing = 0;
		};
/* End PBXSourcesBuildPhase section */

/* Begin PBXTargetDependency section */
		1863A6E11B2AC9DB00BED268 /* PBXTargetDependency */ = {
			isa = PBXTargetDependency;
			target = 1863A6C51B2AC9DB00BED268 /* 动画demo */;
			targetProxy = 1863A6E01B2AC9DB00BED268 /* PBXContainerItemProxy */;
		};
/* End PBXTargetDependency section */

/* Begin PBXVariantGroup section */
		1863A6D31B2AC9DB00BED268 /* Main.storyboard */ = {
			isa = PBXVariantGroup;
			children = (
				1863A6D41B2AC9DB00BED268 /* Base */,
			);
			name = Main.storyboard;
			sourceTree = "<group>";
		};
		1863A6D81B2AC9DB00BED268 /* LaunchScreen.xib */ = {
			isa = PBXVariantGroup;
			children = (
				1863A6D91B2AC9DB00BED268 /* Base */,
			);
			name = LaunchScreen.xib;
			sourceTree = "<group>";
		};
/* End PBXVariantGroup section */

/* Begin XCBuildConfiguration section */
		1863A6E71B2AC9DB00BED268 /* Debug */ = {
			isa = XCBuildConfiguration;
			buildSettings = {
				ALWAYS_SEARCH_USER_PATHS = NO;
				CLANG_CXX_LANGUAGE_STANDARD = "gnu++0x";
				CLANG_CXX_LIBRARY = "libc++";
				CLANG_ENABLE_MODULES = YES;
				CLANG_ENABLE_OBJC_ARC = YES;
				CLANG_WARN_BOOL_CONVERSION = YES;
				CLANG_WARN_CONSTANT_CONVERSION = YES;
				CLANG_WARN_DIRECT_OBJC_ISA_USAGE = YES_ERROR;
				CLANG_WARN_EMPTY_BODY = YES;
				CLANG_WARN_ENUM_CONVERSION = YES;
				CLANG_WARN_INT_CONVERSION = YES;
				CLANG_WARN_OBJC_ROOT_CLASS = YES_ERROR;
				CLANG_WARN_UNREACHABLE_CODE = YES;
				CLANG_WARN__DUPLICATE_METHOD_MATCH = YES;
				"CODE_SIGN_IDENTITY[sdk=iphoneos*]" = "iPhone Developer";
				COPY_PHASE_STRIP = NO;
				DEBUG_INFORMATION_FORMAT = "dwarf-with-dsym";
				ENABLE_STRICT_OBJC_MSGSEND = YES;
				GCC_C_LANGUAGE_STANDARD = gnu99;
				GCC_DYNAMIC_NO_PIC = NO;
				GCC_NO_COMMON_BLOCKS = YES;
				GCC_OPTIMIZATION_LEVEL = 0;
				GCC_PREPROCESSOR_DEFINITIONS = (
					"DEBUG=1",
					"$(inherited)",
				);
				GCC_SYMBOLS_PRIVATE_EXTERN = NO;
				GCC_WARN_64_TO_32_BIT_CONVERSION = YES;
				GCC_WARN_ABOUT_RETURN_TYPE = YES_ERROR;
				GCC_WARN_UNDECLARED_SELECTOR = YES;
				GCC_WARN_UNINITIALIZED_AUTOS = YES_AGGRESSIVE;
				GCC_WARN_UNUSED_FUNCTION = YES;
				GCC_WARN_UNUSED_VARIABLE = YES;
				IPHONEOS_DEPLOYMENT_TARGET = 6.1;
				MTL_ENABLE_DEBUG_INFO = YES;
				ONLY_ACTIVE_ARCH = YES;
				PROVISIONING_PROFILE = "6831f4c5-571a-4f18-94c6-a8f534c27442";
				SDKROOT = iphoneos;
				TARGETED_DEVICE_FAMILY = "1,2";
			};
			name = Debug;
		};
		1863A6E81B2AC9DB00BED268 /* Release */ = {
			isa = XCBuildConfiguration;
			buildSettings = {
				ALWAYS_SEARCH_USER_PATHS = NO;
				CLANG_CXX_LANGUAGE_STANDARD = "gnu++0x";
				CLANG_CXX_LIBRARY = "libc++";
				CLANG_ENABLE_MODULES = YES;
				CLANG_ENABLE_OBJC_ARC = YES;
				CLANG_WARN_BOOL_CONVERSION = YES;
				CLANG_WARN_CONSTANT_CONVERSION = YES;
				CLANG_WARN_DIRECT_OBJC_ISA_USAGE = YES_ERROR;
				CLANG_WARN_EMPTY_BODY = YES;
				CLANG_WARN_ENUM_CONVERSION = YES;
				CLANG_WARN_INT_CONVERSION = YES;
				CLANG_WARN_OBJC_ROOT_CLASS = YES_ERROR;
				CLANG_WARN_UNREACHABLE_CODE = YES;
				CLANG_WARN__DUPLICATE_METHOD_MATCH = YES;
				"CODE_SIGN_IDENTITY[sdk=iphoneos*]" = "iPhone Developer";
				COPY_PHASE_STRIP = NO;
				DEBUG_INFORMATION_FORMAT = "dwarf-with-dsym";
				ENABLE_NS_ASSERTIONS = NO;
				ENABLE_STRICT_OBJC_MSGSEND = YES;
				GCC_C_LANGUAGE_STANDARD = gnu99;
				GCC_NO_COMMON_BLOCKS = YES;
				GCC_WARN_64_TO_32_BIT_CONVERSION = YES;
				GCC_WARN_ABOUT_RETURN_TYPE = YES_ERROR;
				GCC_WARN_UNDECLARED_SELECTOR = YES;
				GCC_WARN_UNINITIALIZED_AUTOS = YES_AGGRESSIVE;
				GCC_WARN_UNUSED_FUNCTION = YES;
				GCC_WARN_UNUSED_VARIABLE = YES;
				IPHONEOS_DEPLOYMENT_TARGET = 6.1;
				MTL_ENABLE_DEBUG_INFO = NO;
				PROVISIONING_PROFILE = "6831f4c5-571a-4f18-94c6-a8f534c27442";
				SDKROOT = iphoneos;
				TARGETED_DEVICE_FAMILY = "1,2";
				VALIDATE_PRODUCT = YES;
			};
			name = Release;
		};
		1863A6EA1B2AC9DB00BED268 /* Debug */ = {
			isa = XCBuildConfiguration;
			buildSettings = {
				ASSETCATALOG_COMPILER_APPICON_NAME = AppIcon;
				INFOPLIST_FILE = "动画demo/Info.plist";
				IPHONEOS_DEPLOYMENT_TARGET = 6.1;
				LD_RUNPATH_SEARCH_PATHS = "$(inherited) @executable_path/Frameworks";
				PRODUCT_NAME = "$(TARGET_NAME)";
				PROVISIONING_PROFILE = "6831f4c5-571a-4f18-94c6-a8f534c27442";
			};
			name = Debug;
		};
		1863A6EB1B2AC9DB00BED268 /* Release */ = {
			isa = XCBuildConfiguration;
			buildSettings = {
				ASSETCATALOG_COMPILER_APPICON_NAME = AppIcon;
				INFOPLIST_FILE = "动画demo/Info.plist";
				IPHONEOS_DEPLOYMENT_TARGET = 6.1;
				LD_RUNPATH_SEARCH_PATHS = "$(inherited) @executable_path/Frameworks";
				PRODUCT_NAME = "$(TARGET_NAME)";
				PROVISIONING_PROFILE = "6831f4c5-571a-4f18-94c6-a8f534c27442";
			};
			name = Release;
		};
		1863A6ED1B2AC9DB00BED268 /* Debug */ = {
			isa = XCBuildConfiguration;
			buildSettings = {
				BUNDLE_LOADER = "$(TEST_HOST)";
				CODE_SIGN_IDENTITY = "iPhone Developer";
				"CODE_SIGN_IDENTITY[sdk=iphoneos*]" = "iPhone Developer";
				FRAMEWORK_SEARCH_PATHS = (
					"$(SDKROOT)/Developer/Library/Frameworks",
					"$(inherited)",
				);
				GCC_PREPROCESSOR_DEFINITIONS = (
					"DEBUG=1",
					"$(inherited)",
				);
				INFOPLIST_FILE = "动画demoTests/Info.plist";
				LD_RUNPATH_SEARCH_PATHS = "$(inherited) @executable_path/Frameworks @loader_path/Frameworks";
				PRODUCT_NAME = "$(TARGET_NAME)";
				PROVISIONING_PROFILE = "";
				TEST_HOST = "$(BUILT_PRODUCTS_DIR)/动画demo.app/动画demo";
			};
			name = Debug;
		};
		1863A6EE1B2AC9DB00BED268 /* Release */ = {
			isa = XCBuildConfiguration;
			buildSettings = {
				BUNDLE_LOADER = "$(TEST_HOST)";
				CODE_SIGN_IDENTITY = "iPhone Developer";
				"CODE_SIGN_IDENTITY[sdk=iphoneos*]" = "iPhone Developer";
				FRAMEWORK_SEARCH_PATHS = (
					"$(SDKROOT)/Developer/Library/Frameworks",
					"$(inherited)",
				);
				INFOPLIST_FILE = "动画demoTests/Info.plist";
				LD_RUNPATH_SEARCH_PATHS = "$(inherited) @executable_path/Frameworks @loader_path/Frameworks";
				PRODUCT_NAME = "$(TARGET_NAME)";
				PROVISIONING_PROFILE = "";
				TEST_HOST = "$(BUILT_PRODUCTS_DIR)/动画demo.app/动画demo";
			};
			name = Release;
		};
/* End XCBuildConfiguration section */

/* Begin XCConfigurationList section */
		1863A6C11B2AC9DB00BED268 /* Build configuration list for PBXProject "动画demo" */ = {
			isa = XCConfigurationList;
			buildConfigurations = (
				1863A6E71B2AC9DB00BED268 /* Debug */,
				1863A6E81B2AC9DB00BED268 /* Release */,
			);
			defaultConfigurationIsVisible = 0;
			defaultConfigurationName = Release;
		};
		1863A6E91B2AC9DB00BED268 /* Build configuration list for PBXNativeTarget "动画demo" */ = {
			isa = XCConfigurationList;
			buildConfigurations = (
				1863A6EA1B2AC9DB00BED268 /* Debug */,
				1863A6EB1B2AC9DB00BED268 /* Release */,
			);
			defaultConfigurationIsVisible = 0;
			defaultConfigurationName = Release;
		};
		1863A6EC1B2AC9DB00BED268 /* Build configuration list for PBXNativeTarget "动画demoTests" */ = {
			isa = XCConfigurationList;
			buildConfigurations = (
				1863A6ED1B2AC9DB00BED268 /* Debug */,
				1863A6EE1B2AC9DB00BED268 /* Release */,
			);
			defaultConfigurationIsVisible = 0;
			defaultConfigurationName = Release;
		};
/* End XCConfigurationList section */
	};
	rootObject = 1863A6BE1B2AC9DB00BED268 /* Project object */;
}
